
Microsoft Visual Studio Solution File, Format Version 12.00
# Visual Studio 15
VisualStudioVersion = 15.0.27004.2002
MinimumVisualStudioVersion = 10.0.40219.1
Project("{FAE04EC0-301F-11D3-BF4B-00C04F79EFBC}") = "DotNetWebApiSample", "DotNetWebApiSample\DotNetWebApiSample.csproj", "{314AC25D-7922-48B3-B175-CC0C93F620C1}"
EndProject
Project("{FAE04EC0-301F-11D3-BF4B-00C04F79EFBC}") = "DotNetWebApiSample.Tests", "DotNetWebApiSample.Tests\DotNetWebApiSample.Tests.csproj", "{470AD9DB-CC6B-4737-8C93-92BF30BC44AC}"
EndProject
Global
	GlobalSection(SolutionConfigurationPlatforms) = preSolution
		Debug|Any CPU = Debug|Any CPU
		Release|Any CPU = Release|Any CPU
	EndGlobalSection
	GlobalSection(ProjectConfigurationPlatforms) = postSolution
		{314AC25D-7922-48B3-B175-CC0C93F620C1}.Debug|Any CPU.ActiveCfg = Debug|Any CPU
		{314AC25D-7922-48B3-B175-CC0C93F620C1}.Debug|Any CPU.Build.0 = Debug|Any CPU
		{314AC25D-7922-48B3-B175-CC0C93F620C1}.Release|Any CPU.ActiveCfg = Release|Any CPU
		{314AC25D-7922-48B3-B175-CC0C93F620C1}.Release|Any CPU.Build.0 = Release|Any CPU
		{470AD9DB-CC6B-4737-8C93-92BF30BC44AC}.Debug|Any CPU.ActiveCfg = Debug|Any CPU
		{470AD9DB-CC6B-4737-8C93-92BF30BC44AC}.Debug|Any CPU.Build.0 = Debug|Any CPU
		{470AD9DB-CC6B-4737-8C93-92BF30BC44AC}.Release|Any CPU.ActiveCfg = Release|Any CPU
		{470AD9DB-CC6B-4737-8C93-92BF30BC44AC}.Release|Any CPU.Build.0 = Release|Any CPU
	EndGlobalSection
	GlobalSection(SolutionProperties) = preSolution
		HideSolutionNode = FALSE
	EndGlobalSection
	GlobalSection(ExtensibilityGlobals) = postSolution
		SolutionGuid = {4EAEF6A2-678D-4F3D-9413-DCD9C4458678}
	EndGlobalSection
EndGlobal
